
Microsoft Visual Studio Solution File, Format Version 12.00
# Visual Studio Version 17
VisualStudioVersion = 17.4.33122.133
MinimumVisualStudioVersion = 10.0.40219.1
Project("{FAE04EC0-301F-11D3-BF4B-00C04F79EFBC}") = "Week8EpicGame", "Week8EpicGame\Week8EpicGame.csproj", "{39AB205B-8119-4785-A827-B9179B808F9C}"
EndProject
Global
	GlobalSection(SolutionConfigurationPlatforms) = preSolution
		Debug|Any CPU = Debug|Any CPU
		Release|Any CPU = Release|Any CPU
	EndGlobalSection
	GlobalSection(ProjectConfigurationPlatforms) = postSolution
		{39AB205B-8119-4785-A827-B9179B808F9C}.Debug|Any CPU.ActiveCfg = Debug|Any CPU
		{39AB205B-8119-4785-A827-B9179B808F9C}.Debug|Any CPU.Build.0 = Debug|Any CPU
		{39AB205B-8119-4785-A827-B9179B808F9C}.Release|Any CPU.ActiveCfg = Release|Any CPU
		{39AB205B-8119-4785-A827-B9179B808F9C}.Release|Any CPU.Build.0 = Release|Any CPU
	EndGlobalSection
	GlobalSection(SolutionProperties) = preSolution
		HideSolutionNode = FALSE
	EndGlobalSection
	GlobalSection(ExtensibilityGlobals) = postSolution
		SolutionGuid = {D630766C-BACD-4FCB-B6A6-30C9BD84B61D}
	EndGlobalSection
EndGlobal
